
Microsoft Visual Studio Solution File, Format Version 12.00
# Visual Studio 15
VisualStudioVersion = 15.0.27130.2036
MinimumVisualStudioVersion = 10.0.40219.1
Project("{8BC9CEB8-8B4A-11D0-8D11-00A0C91BC942}") = "EncryptFile_test", "EncryptFile_test.vcxproj", "{36AC3E0F-5B31-4409-A8A8-7FB55C733CDA}"
EndProject
Global
	GlobalSection(SolutionConfigurationPlatforms) = preSolution
		Debug|x64 = Debug|x64
		Debug|x86 = Debug|x86
		Release|x64 = Release|x64
		Release|x86 = Release|x86
	EndGlobalSection
	GlobalSection(ProjectConfigurationPlatforms) = postSolution
		{36AC3E0F-5B31-4409-A8A8-7FB55C733CDA}.Debug|x64.ActiveCfg = Debug|x64
		{36AC3E0F-5B31-4409-A8A8-7FB55C733CDA}.Debug|x64.Build.0 = Debug|x64
		{36AC3E0F-5B31-4409-A8A8-7FB55C733CDA}.Debug|x86.ActiveCfg = Debug|Win32
		{36AC3E0F-5B31-4409-A8A8-7FB55C733CDA}.Debug|x86.Build.0 = Debug|Win32
		{36AC3E0F-5B31-4409-A8A8-7FB55C733CDA}.Release|x64.ActiveCfg = Release|x64
		{36AC3E0F-5B31-4409-A8A8-7FB55C733CDA}.Release|x64.Build.0 = Release|x64
		{36AC3E0F-5B31-4409-A8A8-7FB55C733CDA}.Release|x86.ActiveCfg = Release|Win32
		{36AC3E0F-5B31-4409-A8A8-7FB55C733CDA}.Release|x86.Build.0 = Release|Win32
	EndGlobalSection
	GlobalSection(SolutionProperties) = preSolution
		HideSolutionNode = FALSE
	EndGlobalSection
	GlobalSection(ExtensibilityGlobals) = postSolution
		SolutionGuid = {F8AE6614-F4B1-484C-A30E-2F3DD6738FFB}
	EndGlobalSection
EndGlobal
